# This file was autogenerated by Stack.
# You should not edit this file by hand.
# For more information, please see the documentation at:
#   https://docs.haskellstack.org/en/stable/lock_files

packages:
- completed:
    hackage: intro-0.5.2.1@sha256:88bab48fad8bc17bef067fc527a37a25c088a367822d76d2cbf2bf4c686ef6a7,3155
    pantry-tree:
      size: 555
      sha256: 0999ed4c8f6bb9d48a75ebbbed62a76a1415ce5fee3e29b6fa465a7163c767c3
  original:
    hackage: intro-0.5.2.1
- completed:
    hackage: writer-cps-mtl-0.1.1.6@sha256:ec9c2dff8f201600f1f49d89085a4b5cbd2330e1c3d90f31a5bd133f017a3a90,1543
    pantry-tree:
      size: 299
      sha256: 68ba0ebd6a84c0bce097f3429de5fb209f34c592bd1133c51184f9d75d9dc4e0
  original:
    hackage: writer-cps-mtl-0.1.1.6
- completed:
    hackage: logging-3.0.5@sha256:88096d3124fce9a19af3720f751e1a354d866ed5030d2e5197238d2277cdb2f2,2374
    pantry-tree:
      size: 264
      sha256: 35c4c46138a30e516c2f27dfc51a993e7d7946af0de1a826f18b71a854c2da21
  original:
    hackage: logging-3.0.5
- completed:
    hackage: writer-cps-transformers-0.5.6.0@sha256:4613679aaaf24d82da9a14ac06679190799b04e11b1a6c3a22badc01e77222f0,1250
    pantry-tree:
      size: 167
      sha256: 43fa95067c552fb44679c25adc74dee314ccf96d2f0dd671bb9c8bf91342fe07
  original:
    hackage: writer-cps-transformers-0.5.6.0
- completed:
    hackage: type-map-0.1.6.0@sha256:ba11417d1fb5a99bfce125e4bd7a10e6eeffe05bb0c76f866e32e9a767c4ca13,2310
    pantry-tree:
      size: 1269
      sha256: d9c9d1b9d492447e30119faf3204107f3e5b1636ea5a46a14c280c87b1c6c786
  original:
    hackage: type-map-0.1.6.0
- completed:
    hackage: data-partition-0.3.0.0@sha256:f48fc331e8165862d8dd4eabf7c7891d1a2fa02f9017a4246d6aa24f503da37d,706
    pantry-tree:
      size: 215
      sha256: 5e28d84977cf7b4dc1a2f6d77b300414b00b0b8fbbda7b529c2ef3c57207bbc5
  original:
    hackage: data-partition-0.3.0.0
snapshots:
- completed:
    size: 523454
    url: https://raw.githubusercontent.com/commercialhaskell/stackage-snapshots/master/lts/14/2.yaml
    sha256: 593deeb8366fd69b9e3b7611759ecee87d0d76c08c2ba363b38b7fb119e9fc22
  original: lts-14.2
